
Microsoft Visual Studio Solution File, Format Version 12.00
# Visual Studio Version 16
VisualStudioVersion = 16.0.31613.86
MinimumVisualStudioVersion = 10.0.40219.1
Project("{FAE04EC0-301F-11D3-BF4B-00C04F79EFBC}") = "SchoolLibrary", "SchoolLibrary\SchoolLibrary.csproj", "{DB72E83C-8896-4B17-9225-87DEB2ACB108}"
EndProject
Project("{FAE04EC0-301F-11D3-BF4B-00C04F79EFBC}") = "SchoolFormsApp", "SchoolFormsApp\SchoolFormsApp.csproj", "{01A60CBA-5D8E-4985-B651-24A1755FB32D}"
EndProject
Global
	GlobalSection(SolutionConfigurationPlatforms) = preSolution
		Debug|Any CPU = Debug|Any CPU
		Release|Any CPU = Release|Any CPU
	EndGlobalSection
	GlobalSection(ProjectConfigurationPlatforms) = postSolution
		{DB72E83C-8896-4B17-9225-87DEB2ACB108}.Debug|Any CPU.ActiveCfg = Debug|Any CPU
		{DB72E83C-8896-4B17-9225-87DEB2ACB108}.Debug|Any CPU.Build.0 = Debug|Any CPU
		{DB72E83C-8896-4B17-9225-87DEB2ACB108}.Release|Any CPU.ActiveCfg = Release|Any CPU
		{DB72E83C-8896-4B17-9225-87DEB2ACB108}.Release|Any CPU.Build.0 = Release|Any CPU
		{01A60CBA-5D8E-4985-B651-24A1755FB32D}.Debug|Any CPU.ActiveCfg = Debug|Any CPU
		{01A60CBA-5D8E-4985-B651-24A1755FB32D}.Debug|Any CPU.Build.0 = Debug|Any CPU
		{01A60CBA-5D8E-4985-B651-24A1755FB32D}.Release|Any CPU.ActiveCfg = Release|Any CPU
		{01A60CBA-5D8E-4985-B651-24A1755FB32D}.Release|Any CPU.Build.0 = Release|Any CPU
	EndGlobalSection
	GlobalSection(SolutionProperties) = preSolution
		HideSolutionNode = FALSE
	EndGlobalSection
	GlobalSection(ExtensibilityGlobals) = postSolution
		SolutionGuid = {420C3AB9-254B-4328-B345-CFA598DC914D}
	EndGlobalSection
EndGlobal
